
Microsoft Visual Studio Solution File, Format Version 12.00
# Visual Studio Version 17
VisualStudioVersion = 17.6.33829.357
MinimumVisualStudioVersion = 10.0.40219.1
Project("{9A19103F-16F7-4668-BE54-9A1E7A4F7556}") = "OpenMacroBoard.SDK", "OpenMacroBoard.SDK\OpenMacroBoard.SDK.csproj", "{4D96784A-A349-42B8-BE81-BB5C424F0332}"
EndProject
Project("{9A19103F-16F7-4668-BE54-9A1E7A4F7556}") = "OpenMacroBoard.SocketIO", "OpenMacroBoard.SocketIO\OpenMacroBoard.SocketIO.csproj", "{BA0EB7E7-FB2D-4865-8440-A6D81C1DD7D4}"
EndProject
Project("{9A19103F-16F7-4668-BE54-9A1E7A4F7556}") = "StreamDeckSharp", "StreamDeckSharp\StreamDeckSharp.csproj", "{F4A269FD-0F2E-4D29-A02A-E926C877166B}"
EndProject
Project("{9A19103F-16F7-4668-BE54-9A1E7A4F7556}") = "OpenMacroBoard.Tests", "OpenMacroBoard.Tests\OpenMacroBoard.Tests.csproj", "{949A6FC1-976B-4D38-BB98-13B3E0B7F374}"
EndProject
Project("{2150E333-8FDC-42A3-9474-1A3956D46DE8}") = "00.Solution Items", "00.Solution Items", "{1074B238-DC26-4891-82EB-6336CE0B53A4}"
	ProjectSection(SolutionItems) = preProject
		..\README.md = ..\README.md
	EndProjectSection
EndProject
Project("{9A19103F-16F7-4668-BE54-9A1E7A4F7556}") = "OpenMacroBoard.VirtualBoard", "OpenMacroBoard.VirtualBoard\OpenMacroBoard.VirtualBoard.csproj", "{C8A7467E-4440-4CE4-8F96-6AD71561C9C6}"
EndProject
Project("{9A19103F-16F7-4668-BE54-9A1E7A4F7556}") = "StreamDeckSharp.Tests", "StreamDeckSharp.Tests\StreamDeckSharp.Tests.csproj", "{3BDB21C3-DBA4-4934-8B74-CFD17A116DED}"
EndProject
Project("{2150E333-8FDC-42A3-9474-1A3956D46DE8}") = "01.SDK", "01.SDK", "{B92CFFFF-0DF8-4553-AFFB-7C714F26F583}"
EndProject
Project("{2150E333-8FDC-42A3-9474-1A3956D46DE8}") = "02.StreamDeck", "02.StreamDeck", "{02837347-C040-47E6-8D0B-8F55AC1E0C47}"
EndProject
Project("{2150E333-8FDC-42A3-9474-1A3956D46DE8}") = "03.Sample Deck Projects", "03.Sample Deck Projects", "{5C626D5B-AA2D-412C-8994-FA4ABE28DA66}"
EndProject
Project("{FAE04EC0-301F-11D3-BF4B-00C04F79EFBC}") = "StreamDeck.Austria", "StreamDeck.Austria\StreamDeck.Austria.csproj", "{3556750F-E1D3-450D-A8D1-4CDAAA3231E0}"
EndProject
Project("{9A19103F-16F7-4668-BE54-9A1E7A4F7556}") = "StreamDeck.Memory", "StreamDeck.Memory\StreamDeck.Memory.csproj", "{378FF5A4-68ED-4A48-BD81-5DDDF0D6E1EE}"
EndProject
Global
	GlobalSection(SolutionConfigurationPlatforms) = preSolution
		Debug|Any CPU = Debug|Any CPU
		Release|Any CPU = Release|Any CPU
	EndGlobalSection
	GlobalSection(ProjectConfigurationPlatforms) = postSolution
		{4D96784A-A349-42B8-BE81-BB5C424F0332}.Debug|Any CPU.ActiveCfg = Debug|Any CPU
		{4D96784A-A349-42B8-BE81-BB5C424F0332}.Debug|Any CPU.Build.0 = Debug|Any CPU
		{4D96784A-A349-42B8-BE81-BB5C424F0332}.Release|Any CPU.ActiveCfg = Release|Any CPU
		{4D96784A-A349-42B8-BE81-BB5C424F0332}.Release|Any CPU.Build.0 = Release|Any CPU
		{BA0EB7E7-FB2D-4865-8440-A6D81C1DD7D4}.Debug|Any CPU.ActiveCfg = Debug|Any CPU
		{BA0EB7E7-FB2D-4865-8440-A6D81C1DD7D4}.Debug|Any CPU.Build.0 = Debug|Any CPU
		{BA0EB7E7-FB2D-4865-8440-A6D81C1DD7D4}.Release|Any CPU.ActiveCfg = Release|Any CPU
		{BA0EB7E7-FB2D-4865-8440-A6D81C1DD7D4}.Release|Any CPU.Build.0 = Release|Any CPU
		{F4A269FD-0F2E-4D29-A02A-E926C877166B}.Debug|Any CPU.ActiveCfg = Debug|Any CPU
		{F4A269FD-0F2E-4D29-A02A-E926C877166B}.Debug|Any CPU.Build.0 = Debug|Any CPU
		{F4A269FD-0F2E-4D29-A02A-E926C877166B}.Release|Any CPU.ActiveCfg = Release|Any CPU
		{F4A269FD-0F2E-4D29-A02A-E926C877166B}.Release|Any CPU.Build.0 = Release|Any CPU
		{949A6FC1-976B-4D38-BB98-13B3E0B7F374}.Debug|Any CPU.ActiveCfg = Debug|Any CPU
		{949A6FC1-976B-4D38-BB98-13B3E0B7F374}.Debug|Any CPU.Build.0 = Debug|Any CPU
		{949A6FC1-976B-4D38-BB98-13B3E0B7F374}.Release|Any CPU.ActiveCfg = Release|Any CPU
		{949A6FC1-976B-4D38-BB98-13B3E0B7F374}.Release|Any CPU.Build.0 = Release|Any CPU
		{C8A7467E-4440-4CE4-8F96-6AD71561C9C6}.Debug|Any CPU.ActiveCfg = Debug|Any CPU
		{C8A7467E-4440-4CE4-8F96-6AD71561C9C6}.Debug|Any CPU.Build.0 = Debug|Any CPU
		{C8A7467E-4440-4CE4-8F96-6AD71561C9C6}.Release|Any CPU.ActiveCfg = Release|Any CPU
		{C8A7467E-4440-4CE4-8F96-6AD71561C9C6}.Release|Any CPU.Build.0 = Release|Any CPU
		{3BDB21C3-DBA4-4934-8B74-CFD17A116DED}.Debug|Any CPU.ActiveCfg = Debug|Any CPU
		{3BDB21C3-DBA4-4934-8B74-CFD17A116DED}.Debug|Any CPU.Build.0 = Debug|Any CPU
		{3BDB21C3-DBA4-4934-8B74-CFD17A116DED}.Release|Any CPU.ActiveCfg = Release|Any CPU
		{3BDB21C3-DBA4-4934-8B74-CFD17A116DED}.Release|Any CPU.Build.0 = Release|Any CPU
		{3556750F-E1D3-450D-A8D1-4CDAAA3231E0}.Debug|Any CPU.ActiveCfg = Debug|Any CPU
		{3556750F-E1D3-450D-A8D1-4CDAAA3231E0}.Debug|Any CPU.Build.0 = Debug|Any CPU
		{3556750F-E1D3-450D-A8D1-4CDAAA3231E0}.Release|Any CPU.ActiveCfg = Release|Any CPU
		{3556750F-E1D3-450D-A8D1-4CDAAA3231E0}.Release|Any CPU.Build.0 = Release|Any CPU
		{378FF5A4-68ED-4A48-BD81-5DDDF0D6E1EE}.Debug|Any CPU.ActiveCfg = Debug|Any CPU
		{378FF5A4-68ED-4A48-BD81-5DDDF0D6E1EE}.Debug|Any CPU.Build.0 = Debug|Any CPU
		{378FF5A4-68ED-4A48-BD81-5DDDF0D6E1EE}.Release|Any CPU.ActiveCfg = Release|Any CPU
		{378FF5A4-68ED-4A48-BD81-5DDDF0D6E1EE}.Release|Any CPU.Build.0 = Release|Any CPU
	EndGlobalSection
	GlobalSection(SolutionProperties) = preSolution
		HideSolutionNode = FALSE
	EndGlobalSection
	GlobalSection(NestedProjects) = preSolution
		{4D96784A-A349-42B8-BE81-BB5C424F0332} = {B92CFFFF-0DF8-4553-AFFB-7C714F26F583}
		{BA0EB7E7-FB2D-4865-8440-A6D81C1DD7D4} = {B92CFFFF-0DF8-4553-AFFB-7C714F26F583}
		{F4A269FD-0F2E-4D29-A02A-E926C877166B} = {02837347-C040-47E6-8D0B-8F55AC1E0C47}
		{949A6FC1-976B-4D38-BB98-13B3E0B7F374} = {B92CFFFF-0DF8-4553-AFFB-7C714F26F583}
		{C8A7467E-4440-4CE4-8F96-6AD71561C9C6} = {B92CFFFF-0DF8-4553-AFFB-7C714F26F583}
		{3BDB21C3-DBA4-4934-8B74-CFD17A116DED} = {02837347-C040-47E6-8D0B-8F55AC1E0C47}
		{3556750F-E1D3-450D-A8D1-4CDAAA3231E0} = {5C626D5B-AA2D-412C-8994-FA4ABE28DA66}
		{378FF5A4-68ED-4A48-BD81-5DDDF0D6E1EE} = {5C626D5B-AA2D-412C-8994-FA4ABE28DA66}
	EndGlobalSection
	GlobalSection(ExtensibilityGlobals) = postSolution
		SolutionGuid = {EBEEB5AC-4B8B-434E-95C6-61E283D28BE2}
	EndGlobalSection
EndGlobal
